{
  "name": "monorepo",
  "version": "1.0.0",
  "lockfileVersion": 3,
  "requires": true,
  "packages": {
    "": {
      "name": "monorepo",
      "version": "1.0.0",
      "license": "MIT",
      "workspaces": [
        "extension",
        "backend",
        "web"
      ],
      "devDependencies": {},
      "engines": {
        "node": ">=20.0.0",
        "npm": ">=9.0.0"
      }
    },
    "backend": {
      "version": "1.0.0",
      "license": "MIT",
      "devDependencies": {}
    },
    "extension": {
      "version": "1.0.0",
      "license": "MIT",
      "devDependencies": {}
    },
    "node_modules/backend": {
      "resolved": "backend",
      "link": true
    },
    "node_modules/extension": {
      "resolved": "extension",
      "link": true
    },
    "node_modules/web": {
      "resolved": "web",
      "link": true
    },
    "web": {
      "version": "1.0.0",
      "license": "MIT",
      "devDependencies": {}
    }
  }
}
